
Microsoft Visual Studio Solution File, Format Version 12.00
# Visual Studio 15
Project("{FAE04EC0-301F-11D3-BF4B-00C04F79EFBC}") = "WatsonUnitySDK", "WatsonUnitySDK.csproj", "{D9C67CB1-027B-4718-44CC-72B10D1B2C9B}"
EndProject
Project("{FAE04EC0-301F-11D3-BF4B-00C04F79EFBC}") = "Assembly-CSharp", "Assembly-CSharp.csproj", "{3AFAE502-9F57-2794-6CC7-D7EAFDF69307}"
EndProject
Project("{FAE04EC0-301F-11D3-BF4B-00C04F79EFBC}") = "SteamVR", "SteamVR.csproj", "{37101063-2D1C-7C30-0F17-99DA1E062019}"
EndProject
Project("{FAE04EC0-301F-11D3-BF4B-00C04F79EFBC}") = "IBM.Cloud.SDK", "IBM.Cloud.SDK.csproj", "{D1D4A997-DFBD-08BC-3649-8B1EA2461778}"
EndProject
Project("{FAE04EC0-301F-11D3-BF4B-00C04F79EFBC}") = "SteamVR_Actions", "SteamVR_Actions.csproj", "{FB5068B9-81C2-A975-E484-E71F3672716F}"
EndProject
Project("{FAE04EC0-301F-11D3-BF4B-00C04F79EFBC}") = "IBM.Watson.Tests", "IBM.Watson.Tests.csproj", "{C58E24A8-16BC-2206-EDE1-31CE8ED4DABC}"
EndProject
Project("{FAE04EC0-301F-11D3-BF4B-00C04F79EFBC}") = "IBM.Cloud.SDK.Tests", "IBM.Cloud.SDK.Tests.csproj", "{759B6162-E24E-2A83-6D20-90EC4562CA97}"
EndProject
Project("{FAE04EC0-301F-11D3-BF4B-00C04F79EFBC}") = "Assembly-CSharp-Editor", "Assembly-CSharp-Editor.csproj", "{C68C9C72-8F62-AB7D-7007-7B7E42D6C4C4}"
EndProject
Project("{FAE04EC0-301F-11D3-BF4B-00C04F79EFBC}") = "SteamVR_Editor", "SteamVR_Editor.csproj", "{77465DA3-E1B8-778B-B701-C67C81BE831A}"
EndProject
Project("{FAE04EC0-301F-11D3-BF4B-00C04F79EFBC}") = "SteamVR_Input_Editor", "SteamVR_Input_Editor.csproj", "{5EDF824B-08BC-65C4-25DC-02F43B573BED}"
EndProject
Project("{FAE04EC0-301F-11D3-BF4B-00C04F79EFBC}") = "SteamVR_Windows_EditorHelper", "SteamVR_Windows_EditorHelper.csproj", "{005CF507-5E4D-3679-3339-9CD9C5C64F86}"
EndProject
Global
	GlobalSection(SolutionConfigurationPlatforms) = preSolution
		Debug|Any CPU = Debug|Any CPU
		Release|Any CPU = Release|Any CPU
	EndGlobalSection
	GlobalSection(ProjectConfigurationPlatforms) = postSolution
		{D9C67CB1-027B-4718-44CC-72B10D1B2C9B}.Debug|Any CPU.ActiveCfg = Debug|Any CPU
		{D9C67CB1-027B-4718-44CC-72B10D1B2C9B}.Debug|Any CPU.Build.0 = Debug|Any CPU
		{D9C67CB1-027B-4718-44CC-72B10D1B2C9B}.Release|Any CPU.ActiveCfg = Release|Any CPU
		{D9C67CB1-027B-4718-44CC-72B10D1B2C9B}.Release|Any CPU.Build.0 = Release|Any CPU
		{3AFAE502-9F57-2794-6CC7-D7EAFDF69307}.Debug|Any CPU.ActiveCfg = Debug|Any CPU
		{3AFAE502-9F57-2794-6CC7-D7EAFDF69307}.Debug|Any CPU.Build.0 = Debug|Any CPU
		{3AFAE502-9F57-2794-6CC7-D7EAFDF69307}.Release|Any CPU.ActiveCfg = Release|Any CPU
		{3AFAE502-9F57-2794-6CC7-D7EAFDF69307}.Release|Any CPU.Build.0 = Release|Any CPU
		{37101063-2D1C-7C30-0F17-99DA1E062019}.Debug|Any CPU.ActiveCfg = Debug|Any CPU
		{37101063-2D1C-7C30-0F17-99DA1E062019}.Debug|Any CPU.Build.0 = Debug|Any CPU
		{37101063-2D1C-7C30-0F17-99DA1E062019}.Release|Any CPU.ActiveCfg = Release|Any CPU
		{37101063-2D1C-7C30-0F17-99DA1E062019}.Release|Any CPU.Build.0 = Release|Any CPU
		{D1D4A997-DFBD-08BC-3649-8B1EA2461778}.Debug|Any CPU.ActiveCfg = Debug|Any CPU
		{D1D4A997-DFBD-08BC-3649-8B1EA2461778}.Debug|Any CPU.Build.0 = Debug|Any CPU
		{D1D4A997-DFBD-08BC-3649-8B1EA2461778}.Release|Any CPU.ActiveCfg = Release|Any CPU
		{D1D4A997-DFBD-08BC-3649-8B1EA2461778}.Release|Any CPU.Build.0 = Release|Any CPU
		{FB5068B9-81C2-A975-E484-E71F3672716F}.Debug|Any CPU.ActiveCfg = Debug|Any CPU
		{FB5068B9-81C2-A975-E484-E71F3672716F}.Debug|Any CPU.Build.0 = Debug|Any CPU
		{FB5068B9-81C2-A975-E484-E71F3672716F}.Release|Any CPU.ActiveCfg = Release|Any CPU
		{FB5068B9-81C2-A975-E484-E71F3672716F}.Release|Any CPU.Build.0 = Release|Any CPU
		{C58E24A8-16BC-2206-EDE1-31CE8ED4DABC}.Debug|Any CPU.ActiveCfg = Debug|Any CPU
		{C58E24A8-16BC-2206-EDE1-31CE8ED4DABC}.Debug|Any CPU.Build.0 = Debug|Any CPU
		{C58E24A8-16BC-2206-EDE1-31CE8ED4DABC}.Release|Any CPU.ActiveCfg = Release|Any CPU
		{C58E24A8-16BC-2206-EDE1-31CE8ED4DABC}.Release|Any CPU.Build.0 = Release|Any CPU
		{759B6162-E24E-2A83-6D20-90EC4562CA97}.Debug|Any CPU.ActiveCfg = Debug|Any CPU
		{759B6162-E24E-2A83-6D20-90EC4562CA97}.Debug|Any CPU.Build.0 = Debug|Any CPU
		{759B6162-E24E-2A83-6D20-90EC4562CA97}.Release|Any CPU.ActiveCfg = Release|Any CPU
		{759B6162-E24E-2A83-6D20-90EC4562CA97}.Release|Any CPU.Build.0 = Release|Any CPU
		{C68C9C72-8F62-AB7D-7007-7B7E42D6C4C4}.Debug|Any CPU.ActiveCfg = Debug|Any CPU
		{C68C9C72-8F62-AB7D-7007-7B7E42D6C4C4}.Debug|Any CPU.Build.0 = Debug|Any CPU
		{C68C9C72-8F62-AB7D-7007-7B7E42D6C4C4}.Release|Any CPU.ActiveCfg = Release|Any CPU
		{C68C9C72-8F62-AB7D-7007-7B7E42D6C4C4}.Release|Any CPU.Build.0 = Release|Any CPU
		{77465DA3-E1B8-778B-B701-C67C81BE831A}.Debug|Any CPU.ActiveCfg = Debug|Any CPU
		{77465DA3-E1B8-778B-B701-C67C81BE831A}.Debug|Any CPU.Build.0 = Debug|Any CPU
		{77465DA3-E1B8-778B-B701-C67C81BE831A}.Release|Any CPU.ActiveCfg = Release|Any CPU
		{77465DA3-E1B8-778B-B701-C67C81BE831A}.Release|Any CPU.Build.0 = Release|Any CPU
		{5EDF824B-08BC-65C4-25DC-02F43B573BED}.Debug|Any CPU.ActiveCfg = Debug|Any CPU
		{5EDF824B-08BC-65C4-25DC-02F43B573BED}.Debug|Any CPU.Build.0 = Debug|Any CPU
		{5EDF824B-08BC-65C4-25DC-02F43B573BED}.Release|Any CPU.ActiveCfg = Release|Any CPU
		{5EDF824B-08BC-65C4-25DC-02F43B573BED}.Release|Any CPU.Build.0 = Release|Any CPU
		{005CF507-5E4D-3679-3339-9CD9C5C64F86}.Debug|Any CPU.ActiveCfg = Debug|Any CPU
		{005CF507-5E4D-3679-3339-9CD9C5C64F86}.Debug|Any CPU.Build.0 = Debug|Any CPU
		{005CF507-5E4D-3679-3339-9CD9C5C64F86}.Release|Any CPU.ActiveCfg = Release|Any CPU
		{005CF507-5E4D-3679-3339-9CD9C5C64F86}.Release|Any CPU.Build.0 = Release|Any CPU
	EndGlobalSection
	GlobalSection(SolutionProperties) = preSolution
		HideSolutionNode = FALSE
	EndGlobalSection
EndGlobal
